
Microsoft Visual Studio Solution File, Format Version 12.00
# Visual Studio Version 16
VisualStudioVersion = 16.0.30717.126
MinimumVisualStudioVersion = 10.0.40219.1
Project("{FAE04EC0-301F-11D3-BF4B-00C04F79EFBC}") = "UnitTestMstest", "UnitTestMstest.csproj", "{60A7A82D-ACD4-4337-A44B-114F31B7BFFD}"
EndProject
Project("{FAE04EC0-301F-11D3-BF4B-00C04F79EFBC}") = "UnitTestProject1", "..\UnitTestProject1\UnitTestProject1.csproj", "{78B498D1-3EA7-4705-91E3-6783BF7F17D5}"
EndProject
Global
	GlobalSection(SolutionConfigurationPlatforms) = preSolution
		Debug|Any CPU = Debug|Any CPU
		Release|Any CPU = Release|Any CPU
	EndGlobalSection
	GlobalSection(ProjectConfigurationPlatforms) = postSolution
		{60A7A82D-ACD4-4337-A44B-114F31B7BFFD}.Debug|Any CPU.ActiveCfg = Debug|Any CPU
		{60A7A82D-ACD4-4337-A44B-114F31B7BFFD}.Debug|Any CPU.Build.0 = Debug|Any CPU
		{60A7A82D-ACD4-4337-A44B-114F31B7BFFD}.Release|Any CPU.ActiveCfg = Release|Any CPU
		{60A7A82D-ACD4-4337-A44B-114F31B7BFFD}.Release|Any CPU.Build.0 = Release|Any CPU
		{78B498D1-3EA7-4705-91E3-6783BF7F17D5}.Debug|Any CPU.ActiveCfg = Debug|Any CPU
		{78B498D1-3EA7-4705-91E3-6783BF7F17D5}.Debug|Any CPU.Build.0 = Debug|Any CPU
		{78B498D1-3EA7-4705-91E3-6783BF7F17D5}.Release|Any CPU.ActiveCfg = Release|Any CPU
		{78B498D1-3EA7-4705-91E3-6783BF7F17D5}.Release|Any CPU.Build.0 = Release|Any CPU
	EndGlobalSection
	GlobalSection(SolutionProperties) = preSolution
		HideSolutionNode = FALSE
	EndGlobalSection
	GlobalSection(ExtensibilityGlobals) = postSolution
		SolutionGuid = {D9EBF74F-AA39-4244-9CAF-00896B82A0C1}
	EndGlobalSection
EndGlobal
